
Microsoft Visual Studio Solution File, Format Version 12.00
# Visual Studio Version 17
VisualStudioVersion = 17.2.32616.157
MinimumVisualStudioVersion = 10.0.40219.1
Project("{FAE04EC0-301F-11D3-BF4B-00C04F79EFBC}") = "CollegeManagement", "CollegeManagement\CollegeManagement.csproj", "{BF669AE1-8EE3-4A29-AE5E-ED25931DAF3F}"
EndProject
Global
	GlobalSection(SolutionConfigurationPlatforms) = preSolution
		Debug|Any CPU = Debug|Any CPU
		Release|Any CPU = Release|Any CPU
	EndGlobalSection
	GlobalSection(ProjectConfigurationPlatforms) = postSolution
		{BF669AE1-8EE3-4A29-AE5E-ED25931DAF3F}.Debug|Any CPU.ActiveCfg = Debug|Any CPU
		{BF669AE1-8EE3-4A29-AE5E-ED25931DAF3F}.Debug|Any CPU.Build.0 = Debug|Any CPU
		{BF669AE1-8EE3-4A29-AE5E-ED25931DAF3F}.Release|Any CPU.ActiveCfg = Release|Any CPU
		{BF669AE1-8EE3-4A29-AE5E-ED25931DAF3F}.Release|Any CPU.Build.0 = Release|Any CPU
	EndGlobalSection
	GlobalSection(SolutionProperties) = preSolution
		HideSolutionNode = FALSE
	EndGlobalSection
	GlobalSection(ExtensibilityGlobals) = postSolution
		SolutionGuid = {1C680DC7-42D4-4B01-BF70-A714A29F4096}
	EndGlobalSection
EndGlobal
